
Microsoft Visual Studio Solution File, Format Version 12.00
# Visual Studio Version 17
VisualStudioVersion = 17.7.34024.191
MinimumVisualStudioVersion = 10.0.40219.1
Project("{2150E333-8FDC-42A3-9474-1A3956D46DE8}") = "Task0", "Task0", "{2B18DB8E-E142-4626-A328-7F517320F00D}"
EndProject
Project("{FAE04EC0-301F-11D3-BF4B-00C04F79EFBC}") = "Tyuiu.NasyrovaVR.Sprint2.Task0.V20", "Tyuiu.NasyrovaVR.Sprint2.Task0.V20\Tyuiu.NasyrovaVR.Sprint2.Task0.V20.csproj", "{AACC03F2-A364-45DF-9078-C5A0AAB793D6}"
EndProject
Project("{FAE04EC0-301F-11D3-BF4B-00C04F79EFBC}") = "Tyuiu.NasyrovaVR.Sprint2.Task0.V20.Lib", "Tyuiu.NasyrovaVR.Sprint2.Task0.V20.Lib\Tyuiu.NasyrovaVR.Sprint2.Task0.V20.Lib.csproj", "{BFA8FD4C-E0FF-4D62-81F3-330CD878B18B}"
EndProject
Project("{FAE04EC0-301F-11D3-BF4B-00C04F79EFBC}") = "Tyuiu.NasyrovaVR.Sprint2.Task0.V20.Test", "Tyuiu.NasyrovaVR.Sprint2.Task0.V20.Test\Tyuiu.NasyrovaVR.Sprint2.Task0.V20.Test.csproj", "{9AEF43E9-7C33-41FC-8FB0-3B51F21A458F}"
EndProject
Project("{2150E333-8FDC-42A3-9474-1A3956D46DE8}") = "Task1", "Task1", "{269E7369-5B8F-4288-92AA-A93ECE84C2B7}"
EndProject
Project("{FAE04EC0-301F-11D3-BF4B-00C04F79EFBC}") = "Tyuiu.NasyrovaVR.Sprint2.Task1.V6", "Tyuiu.NasyrovaVR.Sprint2.Task1.V6\Tyuiu.NasyrovaVR.Sprint2.Task1.V6.csproj", "{C12F4C08-7DB6-4115-9247-00D1209C56AD}"
EndProject
Project("{FAE04EC0-301F-11D3-BF4B-00C04F79EFBC}") = "Tyuiu.NasyrovaVR.Sprint2.Task1.V6.Lib", "Tyuiu.NasyrovaVR.Sprint2.Task1.V6.Lib\Tyuiu.NasyrovaVR.Sprint2.Task1.V6.Lib.csproj", "{31CDD36E-A15B-40DC-8972-8F9284DE4158}"
EndProject
Project("{FAE04EC0-301F-11D3-BF4B-00C04F79EFBC}") = "Tyuiu.NasyrovaVR.Sprint2.Task1.V6.Test", "Tyuiu.NasyrovaVR.Sprint2.Task1.V6.Test\Tyuiu.NasyrovaVR.Sprint2.Task1.V6.Test.csproj", "{8EA41C39-E364-4742-B0B6-CE48887DCB0F}"
EndProject
Project("{2150E333-8FDC-42A3-9474-1A3956D46DE8}") = "Task2", "Task2", "{14118273-C11C-4FAF-B814-AFBD3B4A9EC0}"
EndProject
Project("{FAE04EC0-301F-11D3-BF4B-00C04F79EFBC}") = "Tyuiu.NasyrovaVR.Sprint2.Task2.V18", "Tyuiu.NasyrovaVR.Sprint2.Task2.V18\Tyuiu.NasyrovaVR.Sprint2.Task2.V18.csproj", "{AE21A970-2670-40DB-9A61-EBBB35B9D569}"
EndProject
Project("{FAE04EC0-301F-11D3-BF4B-00C04F79EFBC}") = "Tyuiu.NasyrovaVR.Sprint2.Task2.V18.Lib", "Tyuiu.NasyrovaVR.Sprint2.Task2.V18.Lib\Tyuiu.NasyrovaVR.Sprint2.Task2.V18.Lib.csproj", "{3F0F595A-0816-44C2-9592-BFC78BF5E808}"
EndProject
Project("{FAE04EC0-301F-11D3-BF4B-00C04F79EFBC}") = "Tyuiu.NasyrovaVR.Sprint2.Task2.V18.Test", "Tyuiu.NasyrovaVR.Sprint2.Task2.V18.Test\Tyuiu.NasyrovaVR.Sprint2.Task2.V18.Test.csproj", "{98D2B19F-408E-481F-AB4D-99BCDF5921F5}"
EndProject
Project("{2150E333-8FDC-42A3-9474-1A3956D46DE8}") = "Task3", "Task3", "{2216AECA-9C1B-4825-946A-2755E9EA5CA6}"
EndProject
Project("{FAE04EC0-301F-11D3-BF4B-00C04F79EFBC}") = "Tyuiu.NasyrovaVR.Sprint2.Task3.V5", "Tyuiu.NasyrovaVR.Sprint2.Task3.V5\Tyuiu.NasyrovaVR.Sprint2.Task3.V5.csproj", "{E200F8C4-EA26-4016-B067-8C86101D9E85}"
EndProject
Project("{FAE04EC0-301F-11D3-BF4B-00C04F79EFBC}") = "Tyuiu.NasyrovaVR.Sprint2.Task3.V5.Lib", "Tyuiu.NasyrovaVR.Sprint2.Task3.V5.Lib\Tyuiu.NasyrovaVR.Sprint2.Task3.V5.Lib.csproj", "{64A17CDC-15AA-474A-9EC1-1DF0B1824E67}"
EndProject
Project("{FAE04EC0-301F-11D3-BF4B-00C04F79EFBC}") = "Tyuiu.NasyrovaVR.Sprint2.Task3.V5.Test", "Tyuiu.NasyrovaVR.Sprint2.Task3.V5.Test\Tyuiu.NasyrovaVR.Sprint2.Task3.V5.Test.csproj", "{3CE5D044-C31F-4A76-8C85-9A7762D62DFA}"
EndProject
Project("{2150E333-8FDC-42A3-9474-1A3956D46DE8}") = "Task4", "Task4", "{B1226A90-D00E-4AEA-A578-E8C25A7476DB}"
EndProject
Project("{FAE04EC0-301F-11D3-BF4B-00C04F79EFBC}") = "Tyuiu.NasyrovaVR.Sprint2.Task4.V29", "Tyuiu.NasyrovaVR.Sprint2.Task4.V29\Tyuiu.NasyrovaVR.Sprint2.Task4.V29.csproj", "{8898A305-9562-4AEB-B9AF-869B9094E209}"
EndProject
Project("{FAE04EC0-301F-11D3-BF4B-00C04F79EFBC}") = "Tyuiu.NasyrovaVR.Sprint2.Task4.V29.Lib", "Tyuiu.NasyrovaVR.Sprint2.Task4.V29.Lib\Tyuiu.NasyrovaVR.Sprint2.Task4.V29.Lib.csproj", "{060004BE-B2F2-43F8-B2D3-DA38644EE838}"
EndProject
Project("{FAE04EC0-301F-11D3-BF4B-00C04F79EFBC}") = "Tyuiu.NasyrovaVR.Sprint2.Task4.V29.Test", "Tyuiu.NasyrovaVR.Sprint2.Task4.V29.Test\Tyuiu.NasyrovaVR.Sprint2.Task4.V29.Test.csproj", "{75E6C22A-73F2-4AA7-80C9-28F611C97230}"
EndProject
Project("{2150E333-8FDC-42A3-9474-1A3956D46DE8}") = "Task5", "Task5", "{8B924F16-34B2-4991-ABD2-7C5668BED57F}"
EndProject
Project("{FAE04EC0-301F-11D3-BF4B-00C04F79EFBC}") = "Tyuiu.NasyrovaVR.Sprint2.Task5.V4", "Tyuiu.NasyrovaVR.Sprint2.Task5.V4\Tyuiu.NasyrovaVR.Sprint2.Task5.V4.csproj", "{3778AA71-266C-4979-80B4-59993F04C4BF}"
EndProject
Project("{FAE04EC0-301F-11D3-BF4B-00C04F79EFBC}") = "Tyuiu.NasyrovaVR.Sprint2.Task5.V4.Lib", "Tyuiu.NasyrovaVR.Sprint2.Task5.V4.Lib\Tyuiu.NasyrovaVR.Sprint2.Task5.V4.Lib.csproj", "{95536807-A2E3-4BF6-A7BA-E9538B1A1C0E}"
EndProject
Project("{FAE04EC0-301F-11D3-BF4B-00C04F79EFBC}") = "Tyuiu.NasyrovaVR.Sprint2.Task5.V4.Test", "Tyuiu.NasyrovaVR.Sprint2.Task5.V4.Test\Tyuiu.NasyrovaVR.Sprint2.Task5.V4.Test.csproj", "{43091358-942E-49E3-B4F4-F03A2F8E5804}"
EndProject
Project("{2150E333-8FDC-42A3-9474-1A3956D46DE8}") = "Task6", "Task6", "{E47170B1-0254-4663-820E-79DFE276C4E8}"
EndProject
Project("{FAE04EC0-301F-11D3-BF4B-00C04F79EFBC}") = "Tyuiu.NasyrovaVR.Sprint2.Task6.V1", "Tyuiu.NasyrovaVR.Sprint2.Task6.V1\Tyuiu.NasyrovaVR.Sprint2.Task6.V1.csproj", "{A18DF5F9-C540-4C97-8E1E-6D52894486DF}"
EndProject
Project("{FAE04EC0-301F-11D3-BF4B-00C04F79EFBC}") = "Tyuiu.NasyrovaVR.Sprint2.Task6.V1.Lib", "Tyuiu.NasyrovaVR.Sprint2.Task6.V1.Lib\Tyuiu.NasyrovaVR.Sprint2.Task6.V1.Lib.csproj", "{5E5B9E97-D29D-45CE-85AE-9E72B7BC76E8}"
EndProject
Project("{FAE04EC0-301F-11D3-BF4B-00C04F79EFBC}") = "Tyuiu.NasyrovaVR.Sprint2.Task6.V1.Test", "Tyuiu.NasyrovaVR.Sprint2.Task6.V1.Test\Tyuiu.NasyrovaVR.Sprint2.Task6.V1.Test.csproj", "{EECB437C-B71C-4F24-B7AA-7CC29C4CEAE4}"
EndProject
Project("{2150E333-8FDC-42A3-9474-1A3956D46DE8}") = "Task7", "Task7", "{B765B994-5AD0-4ED2-A5A3-A02E2BE1F679}"
EndProject
Project("{FAE04EC0-301F-11D3-BF4B-00C04F79EFBC}") = "Tyuiu.NasyrovaVR.Sprint2.Task7.V11", "Tyuiu.NasyrovaVR.Sprint2.Task7.V11\Tyuiu.NasyrovaVR.Sprint2.Task7.V11.csproj", "{28AAD845-5D99-47A5-963F-CF7F44969298}"
EndProject
Project("{FAE04EC0-301F-11D3-BF4B-00C04F79EFBC}") = "Tyuiu.NasyrovaVR.Sprint2.Task7.V11.Lib", "Tyuiu.NasyrovaVR.Sprint2.Task7.V11.Lib\Tyuiu.NasyrovaVR.Sprint2.Task7.V11.Lib.csproj", "{0EC7DEE1-FB5C-40F7-827B-FA28A15A9DEE}"
EndProject
Project("{FAE04EC0-301F-11D3-BF4B-00C04F79EFBC}") = "Tyuiu.NasyrovaVR.Sprint2.Task7.V11.Test", "Tyuiu.NasyrovaVR.Sprint2.Task7.V11.Test\Tyuiu.NasyrovaVR.Sprint2.Task7.V11.Test.csproj", "{9ED3BB27-66C4-44BB-BC37-4E9492277266}"
EndProject
Global
	GlobalSection(SolutionConfigurationPlatforms) = preSolution
		Debug|Any CPU = Debug|Any CPU
		Release|Any CPU = Release|Any CPU
	EndGlobalSection
	GlobalSection(ProjectConfigurationPlatforms) = postSolution
		{AACC03F2-A364-45DF-9078-C5A0AAB793D6}.Debug|Any CPU.ActiveCfg = Debug|Any CPU
		{AACC03F2-A364-45DF-9078-C5A0AAB793D6}.Debug|Any CPU.Build.0 = Debug|Any CPU
		{AACC03F2-A364-45DF-9078-C5A0AAB793D6}.Release|Any CPU.ActiveCfg = Release|Any CPU
		{AACC03F2-A364-45DF-9078-C5A0AAB793D6}.Release|Any CPU.Build.0 = Release|Any CPU
		{BFA8FD4C-E0FF-4D62-81F3-330CD878B18B}.Debug|Any CPU.ActiveCfg = Debug|Any CPU
		{BFA8FD4C-E0FF-4D62-81F3-330CD878B18B}.Debug|Any CPU.Build.0 = Debug|Any CPU
		{BFA8FD4C-E0FF-4D62-81F3-330CD878B18B}.Release|Any CPU.ActiveCfg = Release|Any CPU
		{BFA8FD4C-E0FF-4D62-81F3-330CD878B18B}.Release|Any CPU.Build.0 = Release|Any CPU
		{9AEF43E9-7C33-41FC-8FB0-3B51F21A458F}.Debug|Any CPU.ActiveCfg = Debug|Any CPU
		{9AEF43E9-7C33-41FC-8FB0-3B51F21A458F}.Debug|Any CPU.Build.0 = Debug|Any CPU
		{9AEF43E9-7C33-41FC-8FB0-3B51F21A458F}.Release|Any CPU.ActiveCfg = Release|Any CPU
		{9AEF43E9-7C33-41FC-8FB0-3B51F21A458F}.Release|Any CPU.Build.0 = Release|Any CPU
		{C12F4C08-7DB6-4115-9247-00D1209C56AD}.Debug|Any CPU.ActiveCfg = Debug|Any CPU
		{C12F4C08-7DB6-4115-9247-00D1209C56AD}.Debug|Any CPU.Build.0 = Debug|Any CPU
		{C12F4C08-7DB6-4115-9247-00D1209C56AD}.Release|Any CPU.ActiveCfg = Release|Any CPU
		{C12F4C08-7DB6-4115-9247-00D1209C56AD}.Release|Any CPU.Build.0 = Release|Any CPU
		{31CDD36E-A15B-40DC-8972-8F9284DE4158}.Debug|Any CPU.ActiveCfg = Debug|Any CPU
		{31CDD36E-A15B-40DC-8972-8F9284DE4158}.Debug|Any CPU.Build.0 = Debug|Any CPU
		{31CDD36E-A15B-40DC-8972-8F9284DE4158}.Release|Any CPU.ActiveCfg = Release|Any CPU
		{31CDD36E-A15B-40DC-8972-8F9284DE4158}.Release|Any CPU.Build.0 = Release|Any CPU
		{8EA41C39-E364-4742-B0B6-CE48887DCB0F}.Debug|Any CPU.ActiveCfg = Debug|Any CPU
		{8EA41C39-E364-4742-B0B6-CE48887DCB0F}.Debug|Any CPU.Build.0 = Debug|Any CPU
		{8EA41C39-E364-4742-B0B6-CE48887DCB0F}.Release|Any CPU.ActiveCfg = Release|Any CPU
		{8EA41C39-E364-4742-B0B6-CE48887DCB0F}.Release|Any CPU.Build.0 = Release|Any CPU
		{AE21A970-2670-40DB-9A61-EBBB35B9D569}.Debug|Any CPU.ActiveCfg = Debug|Any CPU
		{AE21A970-2670-40DB-9A61-EBBB35B9D569}.Debug|Any CPU.Build.0 = Debug|Any CPU
		{AE21A970-2670-40DB-9A61-EBBB35B9D569}.Release|Any CPU.ActiveCfg = Release|Any CPU
		{AE21A970-2670-40DB-9A61-EBBB35B9D569}.Release|Any CPU.Build.0 = Release|Any CPU
		{3F0F595A-0816-44C2-9592-BFC78BF5E808}.Debug|Any CPU.ActiveCfg = Debug|Any CPU
		{3F0F595A-0816-44C2-9592-BFC78BF5E808}.Debug|Any CPU.Build.0 = Debug|Any CPU
		{3F0F595A-0816-44C2-9592-BFC78BF5E808}.Release|Any CPU.ActiveCfg = Release|Any CPU
		{3F0F595A-0816-44C2-9592-BFC78BF5E808}.Release|Any CPU.Build.0 = Release|Any CPU
		{98D2B19F-408E-481F-AB4D-99BCDF5921F5}.Debug|Any CPU.ActiveCfg = Debug|Any CPU
		{98D2B19F-408E-481F-AB4D-99BCDF5921F5}.Debug|Any CPU.Build.0 = Debug|Any CPU
		{98D2B19F-408E-481F-AB4D-99BCDF5921F5}.Release|Any CPU.ActiveCfg = Release|Any CPU
		{98D2B19F-408E-481F-AB4D-99BCDF5921F5}.Release|Any CPU.Build.0 = Release|Any CPU
		{E200F8C4-EA26-4016-B067-8C86101D9E85}.Debug|Any CPU.ActiveCfg = Debug|Any CPU
		{E200F8C4-EA26-4016-B067-8C86101D9E85}.Debug|Any CPU.Build.0 = Debug|Any CPU
		{E200F8C4-EA26-4016-B067-8C86101D9E85}.Release|Any CPU.ActiveCfg = Release|Any CPU
		{E200F8C4-EA26-4016-B067-8C86101D9E85}.Release|Any CPU.Build.0 = Release|Any CPU
		{64A17CDC-15AA-474A-9EC1-1DF0B1824E67}.Debug|Any CPU.ActiveCfg = Debug|Any CPU
		{64A17CDC-15AA-474A-9EC1-1DF0B1824E67}.Debug|Any CPU.Build.0 = Debug|Any CPU
		{64A17CDC-15AA-474A-9EC1-1DF0B1824E67}.Release|Any CPU.ActiveCfg = Release|Any CPU
		{64A17CDC-15AA-474A-9EC1-1DF0B1824E67}.Release|Any CPU.Build.0 = Release|Any CPU
		{3CE5D044-C31F-4A76-8C85-9A7762D62DFA}.Debug|Any CPU.ActiveCfg = Debug|Any CPU
		{3CE5D044-C31F-4A76-8C85-9A7762D62DFA}.Debug|Any CPU.Build.0 = Debug|Any CPU
		{3CE5D044-C31F-4A76-8C85-9A7762D62DFA}.Release|Any CPU.ActiveCfg = Release|Any CPU
		{3CE5D044-C31F-4A76-8C85-9A7762D62DFA}.Release|Any CPU.Build.0 = Release|Any CPU
		{8898A305-9562-4AEB-B9AF-869B9094E209}.Debug|Any CPU.ActiveCfg = Debug|Any CPU
		{8898A305-9562-4AEB-B9AF-869B9094E209}.Debug|Any CPU.Build.0 = Debug|Any CPU
		{8898A305-9562-4AEB-B9AF-869B9094E209}.Release|Any CPU.ActiveCfg = Release|Any CPU
		{8898A305-9562-4AEB-B9AF-869B9094E209}.Release|Any CPU.Build.0 = Release|Any CPU
		{060004BE-B2F2-43F8-B2D3-DA38644EE838}.Debug|Any CPU.ActiveCfg = Debug|Any CPU
		{060004BE-B2F2-43F8-B2D3-DA38644EE838}.Debug|Any CPU.Build.0 = Debug|Any CPU
		{060004BE-B2F2-43F8-B2D3-DA38644EE838}.Release|Any CPU.ActiveCfg = Release|Any CPU
		{060004BE-B2F2-43F8-B2D3-DA38644EE838}.Release|Any CPU.Build.0 = Release|Any CPU
		{75E6C22A-73F2-4AA7-80C9-28F611C97230}.Debug|Any CPU.ActiveCfg = Debug|Any CPU
		{75E6C22A-73F2-4AA7-80C9-28F611C97230}.Debug|Any CPU.Build.0 = Debug|Any CPU
		{75E6C22A-73F2-4AA7-80C9-28F611C97230}.Release|Any CPU.ActiveCfg = Release|Any CPU
		{75E6C22A-73F2-4AA7-80C9-28F611C97230}.Release|Any CPU.Build.0 = Release|Any CPU
		{3778AA71-266C-4979-80B4-59993F04C4BF}.Debug|Any CPU.ActiveCfg = Debug|Any CPU
		{3778AA71-266C-4979-80B4-59993F04C4BF}.Debug|Any CPU.Build.0 = Debug|Any CPU
		{3778AA71-266C-4979-80B4-59993F04C4BF}.Release|Any CPU.ActiveCfg = Release|Any CPU
		{3778AA71-266C-4979-80B4-59993F04C4BF}.Release|Any CPU.Build.0 = Release|Any CPU
		{95536807-A2E3-4BF6-A7BA-E9538B1A1C0E}.Debug|Any CPU.ActiveCfg = Debug|Any CPU
		{95536807-A2E3-4BF6-A7BA-E9538B1A1C0E}.Debug|Any CPU.Build.0 = Debug|Any CPU
		{95536807-A2E3-4BF6-A7BA-E9538B1A1C0E}.Release|Any CPU.ActiveCfg = Release|Any CPU
		{95536807-A2E3-4BF6-A7BA-E9538B1A1C0E}.Release|Any CPU.Build.0 = Release|Any CPU
		{43091358-942E-49E3-B4F4-F03A2F8E5804}.Debug|Any CPU.ActiveCfg = Debug|Any CPU
		{43091358-942E-49E3-B4F4-F03A2F8E5804}.Debug|Any CPU.Build.0 = Debug|Any CPU
		{43091358-942E-49E3-B4F4-F03A2F8E5804}.Release|Any CPU.ActiveCfg = Release|Any CPU
		{43091358-942E-49E3-B4F4-F03A2F8E5804}.Release|Any CPU.Build.0 = Release|Any CPU
		{A18DF5F9-C540-4C97-8E1E-6D52894486DF}.Debug|Any CPU.ActiveCfg = Debug|Any CPU
		{A18DF5F9-C540-4C97-8E1E-6D52894486DF}.Debug|Any CPU.Build.0 = Debug|Any CPU
		{A18DF5F9-C540-4C97-8E1E-6D52894486DF}.Release|Any CPU.ActiveCfg = Release|Any CPU
		{A18DF5F9-C540-4C97-8E1E-6D52894486DF}.Release|Any CPU.Build.0 = Release|Any CPU
		{5E5B9E97-D29D-45CE-85AE-9E72B7BC76E8}.Debug|Any CPU.ActiveCfg = Debug|Any CPU
		{5E5B9E97-D29D-45CE-85AE-9E72B7BC76E8}.Debug|Any CPU.Build.0 = Debug|Any CPU
		{5E5B9E97-D29D-45CE-85AE-9E72B7BC76E8}.Release|Any CPU.ActiveCfg = Release|Any CPU
		{5E5B9E97-D29D-45CE-85AE-9E72B7BC76E8}.Release|Any CPU.Build.0 = Release|Any CPU
		{EECB437C-B71C-4F24-B7AA-7CC29C4CEAE4}.Debug|Any CPU.ActiveCfg = Debug|Any CPU
		{EECB437C-B71C-4F24-B7AA-7CC29C4CEAE4}.Debug|Any CPU.Build.0 = Debug|Any CPU
		{EECB437C-B71C-4F24-B7AA-7CC29C4CEAE4}.Release|Any CPU.ActiveCfg = Release|Any CPU
		{EECB437C-B71C-4F24-B7AA-7CC29C4CEAE4}.Release|Any CPU.Build.0 = Release|Any CPU
		{28AAD845-5D99-47A5-963F-CF7F44969298}.Debug|Any CPU.ActiveCfg = Debug|Any CPU
		{28AAD845-5D99-47A5-963F-CF7F44969298}.Debug|Any CPU.Build.0 = Debug|Any CPU
		{28AAD845-5D99-47A5-963F-CF7F44969298}.Release|Any CPU.ActiveCfg = Release|Any CPU
		{28AAD845-5D99-47A5-963F-CF7F44969298}.Release|Any CPU.Build.0 = Release|Any CPU
		{0EC7DEE1-FB5C-40F7-827B-FA28A15A9DEE}.Debug|Any CPU.ActiveCfg = Debug|Any CPU
		{0EC7DEE1-FB5C-40F7-827B-FA28A15A9DEE}.Debug|Any CPU.Build.0 = Debug|Any CPU
		{0EC7DEE1-FB5C-40F7-827B-FA28A15A9DEE}.Release|Any CPU.ActiveCfg = Release|Any CPU
		{0EC7DEE1-FB5C-40F7-827B-FA28A15A9DEE}.Release|Any CPU.Build.0 = Release|Any CPU
		{9ED3BB27-66C4-44BB-BC37-4E9492277266}.Debug|Any CPU.ActiveCfg = Debug|Any CPU
		{9ED3BB27-66C4-44BB-BC37-4E9492277266}.Debug|Any CPU.Build.0 = Debug|Any CPU
		{9ED3BB27-66C4-44BB-BC37-4E9492277266}.Release|Any CPU.ActiveCfg = Release|Any CPU
		{9ED3BB27-66C4-44BB-BC37-4E9492277266}.Release|Any CPU.Build.0 = Release|Any CPU
	EndGlobalSection
	GlobalSection(SolutionProperties) = preSolution
		HideSolutionNode = FALSE
	EndGlobalSection
	GlobalSection(NestedProjects) = preSolution
		{AACC03F2-A364-45DF-9078-C5A0AAB793D6} = {2B18DB8E-E142-4626-A328-7F517320F00D}
		{BFA8FD4C-E0FF-4D62-81F3-330CD878B18B} = {2B18DB8E-E142-4626-A328-7F517320F00D}
		{9AEF43E9-7C33-41FC-8FB0-3B51F21A458F} = {2B18DB8E-E142-4626-A328-7F517320F00D}
		{C12F4C08-7DB6-4115-9247-00D1209C56AD} = {269E7369-5B8F-4288-92AA-A93ECE84C2B7}
		{31CDD36E-A15B-40DC-8972-8F9284DE4158} = {269E7369-5B8F-4288-92AA-A93ECE84C2B7}
		{8EA41C39-E364-4742-B0B6-CE48887DCB0F} = {269E7369-5B8F-4288-92AA-A93ECE84C2B7}
		{AE21A970-2670-40DB-9A61-EBBB35B9D569} = {14118273-C11C-4FAF-B814-AFBD3B4A9EC0}
		{3F0F595A-0816-44C2-9592-BFC78BF5E808} = {14118273-C11C-4FAF-B814-AFBD3B4A9EC0}
		{98D2B19F-408E-481F-AB4D-99BCDF5921F5} = {14118273-C11C-4FAF-B814-AFBD3B4A9EC0}
		{E200F8C4-EA26-4016-B067-8C86101D9E85} = {2216AECA-9C1B-4825-946A-2755E9EA5CA6}
		{64A17CDC-15AA-474A-9EC1-1DF0B1824E67} = {2216AECA-9C1B-4825-946A-2755E9EA5CA6}
		{3CE5D044-C31F-4A76-8C85-9A7762D62DFA} = {2216AECA-9C1B-4825-946A-2755E9EA5CA6}
		{8898A305-9562-4AEB-B9AF-869B9094E209} = {B1226A90-D00E-4AEA-A578-E8C25A7476DB}
		{060004BE-B2F2-43F8-B2D3-DA38644EE838} = {B1226A90-D00E-4AEA-A578-E8C25A7476DB}
		{75E6C22A-73F2-4AA7-80C9-28F611C97230} = {B1226A90-D00E-4AEA-A578-E8C25A7476DB}
		{3778AA71-266C-4979-80B4-59993F04C4BF} = {8B924F16-34B2-4991-ABD2-7C5668BED57F}
		{95536807-A2E3-4BF6-A7BA-E9538B1A1C0E} = {8B924F16-34B2-4991-ABD2-7C5668BED57F}
		{43091358-942E-49E3-B4F4-F03A2F8E5804} = {8B924F16-34B2-4991-ABD2-7C5668BED57F}
		{A18DF5F9-C540-4C97-8E1E-6D52894486DF} = {E47170B1-0254-4663-820E-79DFE276C4E8}
		{5E5B9E97-D29D-45CE-85AE-9E72B7BC76E8} = {E47170B1-0254-4663-820E-79DFE276C4E8}
		{EECB437C-B71C-4F24-B7AA-7CC29C4CEAE4} = {E47170B1-0254-4663-820E-79DFE276C4E8}
		{28AAD845-5D99-47A5-963F-CF7F44969298} = {B765B994-5AD0-4ED2-A5A3-A02E2BE1F679}
		{0EC7DEE1-FB5C-40F7-827B-FA28A15A9DEE} = {B765B994-5AD0-4ED2-A5A3-A02E2BE1F679}
		{9ED3BB27-66C4-44BB-BC37-4E9492277266} = {B765B994-5AD0-4ED2-A5A3-A02E2BE1F679}
	EndGlobalSection
	GlobalSection(ExtensibilityGlobals) = postSolution
		SolutionGuid = {ED3CCA08-C878-48B9-BE57-8A31AB3D1E22}
	EndGlobalSection
EndGlobal
