
Microsoft Visual Studio Solution File, Format Version 12.00
# Visual Studio Version 17
VisualStudioVersion = 17.7.34024.191
MinimumVisualStudioVersion = 10.0.40219.1
Project("{2150E333-8FDC-42A3-9474-1A3956D46DE8}") = "Task0", "Task0", "{2B18DB8E-E142-4626-A328-7F517320F00D}"
EndProject
Project("{FAE04EC0-301F-11D3-BF4B-00C04F79EFBC}") = "Tyuiu.NasyrovaVR.Sprint2.Task0.V20", "Tyuiu.NasyrovaVR.Sprint2.Task0.V20\Tyuiu.NasyrovaVR.Sprint2.Task0.V20.csproj", "{AACC03F2-A364-45DF-9078-C5A0AAB793D6}"
EndProject
Project("{FAE04EC0-301F-11D3-BF4B-00C04F79EFBC}") = "Tyuiu.NasyrovaVR.Sprint2.Task0.V20.Lib", "Tyuiu.NasyrovaVR.Sprint2.Task0.V20.Lib\Tyuiu.NasyrovaVR.Sprint2.Task0.V20.Lib.csproj", "{BFA8FD4C-E0FF-4D62-81F3-330CD878B18B}"
EndProject
Project("{FAE04EC0-301F-11D3-BF4B-00C04F79EFBC}") = "Tyuiu.NasyrovaVR.Sprint2.Task0.V20.Test", "Tyuiu.NasyrovaVR.Sprint2.Task0.V20.Test\Tyuiu.NasyrovaVR.Sprint2.Task0.V20.Test.csproj", "{9AEF43E9-7C33-41FC-8FB0-3B51F21A458F}"
EndProject
Project("{2150E333-8FDC-42A3-9474-1A3956D46DE8}") = "Task1", "Task1", "{269E7369-5B8F-4288-92AA-A93ECE84C2B7}"
EndProject
Project("{FAE04EC0-301F-11D3-BF4B-00C04F79EFBC}") = "Tyuiu.NasyrovaVR.Sprint2.Task1.V6", "Tyuiu.NasyrovaVR.Sprint2.Task1.V6\Tyuiu.NasyrovaVR.Sprint2.Task1.V6.csproj", "{C12F4C08-7DB6-4115-9247-00D1209C56AD}"
EndProject
Project("{FAE04EC0-301F-11D3-BF4B-00C04F79EFBC}") = "Tyuiu.NasyrovaVR.Sprint2.Task1.V6.Lib", "Tyuiu.NasyrovaVR.Sprint2.Task1.V6.Lib\Tyuiu.NasyrovaVR.Sprint2.Task1.V6.Lib.csproj", "{31CDD36E-A15B-40DC-8972-8F9284DE4158}"
EndProject
Project("{FAE04EC0-301F-11D3-BF4B-00C04F79EFBC}") = "Tyuiu.NasyrovaVR.Sprint2.Task1.V6.Test", "Tyuiu.NasyrovaVR.Sprint2.Task1.V6.Test\Tyuiu.NasyrovaVR.Sprint2.Task1.V6.Test.csproj", "{8EA41C39-E364-4742-B0B6-CE48887DCB0F}"
EndProject
Project("{2150E333-8FDC-42A3-9474-1A3956D46DE8}") = "Task2", "Task2", "{14118273-C11C-4FAF-B814-AFBD3B4A9EC0}"
EndProject
Project("{FAE04EC0-301F-11D3-BF4B-00C04F79EFBC}") = "Tyuiu.NasyrovaVR.Sprint2.Task2.V18", "Tyuiu.NasyrovaVR.Sprint2.Task2.V18\Tyuiu.NasyrovaVR.Sprint2.Task2.V18.csproj", "{AE21A970-2670-40DB-9A61-EBBB35B9D569}"
EndProject
Project("{FAE04EC0-301F-11D3-BF4B-00C04F79EFBC}") = "Tyuiu.NasyrovaVR.Sprint2.Task2.V18.Lib", "Tyuiu.NasyrovaVR.Sprint2.Task2.V18.Lib\Tyuiu.NasyrovaVR.Sprint2.Task2.V18.Lib.csproj", "{3F0F595A-0816-44C2-9592-BFC78BF5E808}"
EndProject
Project("{FAE04EC0-301F-11D3-BF4B-00C04F79EFBC}") = "Tyuiu.NasyrovaVR.Sprint2.Task2.V18.Test", "Tyuiu.NasyrovaVR.Sprint2.Task2.V18.Test\Tyuiu.NasyrovaVR.Sprint2.Task2.V18.Test.csproj", "{98D2B19F-408E-481F-AB4D-99BCDF5921F5}"
EndProject
Project("{2150E333-8FDC-42A3-9474-1A3956D46DE8}") = "Task3", "Task3", "{2216AECA-9C1B-4825-946A-2755E9EA5CA6}"
EndProject
Project("{FAE04EC0-301F-11D3-BF4B-00C04F79EFBC}") = "Tyuiu.NasyrovaVR.Sprint2.Task3.V5", "Tyuiu.NasyrovaVR.Sprint2.Task3.V5\Tyuiu.NasyrovaVR.Sprint2.Task3.V5.csproj", "{E200F8C4-EA26-4016-B067-8C86101D9E85}"
EndProject
Project("{FAE04EC0-301F-11D3-BF4B-00C04F79EFBC}") = "Tyuiu.NasyrovaVR.Sprint2.Task3.V5.Lib", "Tyuiu.NasyrovaVR.Sprint2.Task3.V5.Lib\Tyuiu.NasyrovaVR.Sprint2.Task3.V5.Lib.csproj", "{64A17CDC-15AA-474A-9EC1-1DF0B1824E67}"
EndProject
Project("{FAE04EC0-301F-11D3-BF4B-00C04F79EFBC}") = "Tyuiu.NasyrovaVR.Sprint2.Task3.V5.Test", "Tyuiu.NasyrovaVR.Sprint2.Task3.V5.Test\Tyuiu.NasyrovaVR.Sprint2.Task3.V5.Test.csproj", "{3CE5D044-C31F-4A76-8C85-9A7762D62DFA}"
EndProject
Global
	GlobalSection(SolutionConfigurationPlatforms) = preSolution
		Debug|Any CPU = Debug|Any CPU
		Release|Any CPU = Release|Any CPU
	EndGlobalSection
	GlobalSection(ProjectConfigurationPlatforms) = postSolution
		{AACC03F2-A364-45DF-9078-C5A0AAB793D6}.Debug|Any CPU.ActiveCfg = Debug|Any CPU
		{AACC03F2-A364-45DF-9078-C5A0AAB793D6}.Debug|Any CPU.Build.0 = Debug|Any CPU
		{AACC03F2-A364-45DF-9078-C5A0AAB793D6}.Release|Any CPU.ActiveCfg = Release|Any CPU
		{AACC03F2-A364-45DF-9078-C5A0AAB793D6}.Release|Any CPU.Build.0 = Release|Any CPU
		{BFA8FD4C-E0FF-4D62-81F3-330CD878B18B}.Debug|Any CPU.ActiveCfg = Debug|Any CPU
		{BFA8FD4C-E0FF-4D62-81F3-330CD878B18B}.Debug|Any CPU.Build.0 = Debug|Any CPU
		{BFA8FD4C-E0FF-4D62-81F3-330CD878B18B}.Release|Any CPU.ActiveCfg = Release|Any CPU
		{BFA8FD4C-E0FF-4D62-81F3-330CD878B18B}.Release|Any CPU.Build.0 = Release|Any CPU
		{9AEF43E9-7C33-41FC-8FB0-3B51F21A458F}.Debug|Any CPU.ActiveCfg = Debug|Any CPU
		{9AEF43E9-7C33-41FC-8FB0-3B51F21A458F}.Debug|Any CPU.Build.0 = Debug|Any CPU
		{9AEF43E9-7C33-41FC-8FB0-3B51F21A458F}.Release|Any CPU.ActiveCfg = Release|Any CPU
		{9AEF43E9-7C33-41FC-8FB0-3B51F21A458F}.Release|Any CPU.Build.0 = Release|Any CPU
		{C12F4C08-7DB6-4115-9247-00D1209C56AD}.Debug|Any CPU.ActiveCfg = Debug|Any CPU
		{C12F4C08-7DB6-4115-9247-00D1209C56AD}.Debug|Any CPU.Build.0 = Debug|Any CPU
		{C12F4C08-7DB6-4115-9247-00D1209C56AD}.Release|Any CPU.ActiveCfg = Release|Any CPU
		{C12F4C08-7DB6-4115-9247-00D1209C56AD}.Release|Any CPU.Build.0 = Release|Any CPU
		{31CDD36E-A15B-40DC-8972-8F9284DE4158}.Debug|Any CPU.ActiveCfg = Debug|Any CPU
		{31CDD36E-A15B-40DC-8972-8F9284DE4158}.Debug|Any CPU.Build.0 = Debug|Any CPU
		{31CDD36E-A15B-40DC-8972-8F9284DE4158}.Release|Any CPU.ActiveCfg = Release|Any CPU
		{31CDD36E-A15B-40DC-8972-8F9284DE4158}.Release|Any CPU.Build.0 = Release|Any CPU
		{8EA41C39-E364-4742-B0B6-CE48887DCB0F}.Debug|Any CPU.ActiveCfg = Debug|Any CPU
		{8EA41C39-E364-4742-B0B6-CE48887DCB0F}.Debug|Any CPU.Build.0 = Debug|Any CPU
		{8EA41C39-E364-4742-B0B6-CE48887DCB0F}.Release|Any CPU.ActiveCfg = Release|Any CPU
		{8EA41C39-E364-4742-B0B6-CE48887DCB0F}.Release|Any CPU.Build.0 = Release|Any CPU
		{AE21A970-2670-40DB-9A61-EBBB35B9D569}.Debug|Any CPU.ActiveCfg = Debug|Any CPU
		{AE21A970-2670-40DB-9A61-EBBB35B9D569}.Debug|Any CPU.Build.0 = Debug|Any CPU
		{AE21A970-2670-40DB-9A61-EBBB35B9D569}.Release|Any CPU.ActiveCfg = Release|Any CPU
		{AE21A970-2670-40DB-9A61-EBBB35B9D569}.Release|Any CPU.Build.0 = Release|Any CPU
		{3F0F595A-0816-44C2-9592-BFC78BF5E808}.Debug|Any CPU.ActiveCfg = Debug|Any CPU
		{3F0F595A-0816-44C2-9592-BFC78BF5E808}.Debug|Any CPU.Build.0 = Debug|Any CPU
		{3F0F595A-0816-44C2-9592-BFC78BF5E808}.Release|Any CPU.ActiveCfg = Release|Any CPU
		{3F0F595A-0816-44C2-9592-BFC78BF5E808}.Release|Any CPU.Build.0 = Release|Any CPU
		{98D2B19F-408E-481F-AB4D-99BCDF5921F5}.Debug|Any CPU.ActiveCfg = Debug|Any CPU
		{98D2B19F-408E-481F-AB4D-99BCDF5921F5}.Debug|Any CPU.Build.0 = Debug|Any CPU
		{98D2B19F-408E-481F-AB4D-99BCDF5921F5}.Release|Any CPU.ActiveCfg = Release|Any CPU
		{98D2B19F-408E-481F-AB4D-99BCDF5921F5}.Release|Any CPU.Build.0 = Release|Any CPU
		{E200F8C4-EA26-4016-B067-8C86101D9E85}.Debug|Any CPU.ActiveCfg = Debug|Any CPU
		{E200F8C4-EA26-4016-B067-8C86101D9E85}.Debug|Any CPU.Build.0 = Debug|Any CPU
		{E200F8C4-EA26-4016-B067-8C86101D9E85}.Release|Any CPU.ActiveCfg = Release|Any CPU
		{E200F8C4-EA26-4016-B067-8C86101D9E85}.Release|Any CPU.Build.0 = Release|Any CPU
		{64A17CDC-15AA-474A-9EC1-1DF0B1824E67}.Debug|Any CPU.ActiveCfg = Debug|Any CPU
		{64A17CDC-15AA-474A-9EC1-1DF0B1824E67}.Debug|Any CPU.Build.0 = Debug|Any CPU
		{64A17CDC-15AA-474A-9EC1-1DF0B1824E67}.Release|Any CPU.ActiveCfg = Release|Any CPU
		{64A17CDC-15AA-474A-9EC1-1DF0B1824E67}.Release|Any CPU.Build.0 = Release|Any CPU
		{3CE5D044-C31F-4A76-8C85-9A7762D62DFA}.Debug|Any CPU.ActiveCfg = Debug|Any CPU
		{3CE5D044-C31F-4A76-8C85-9A7762D62DFA}.Debug|Any CPU.Build.0 = Debug|Any CPU
		{3CE5D044-C31F-4A76-8C85-9A7762D62DFA}.Release|Any CPU.ActiveCfg = Release|Any CPU
		{3CE5D044-C31F-4A76-8C85-9A7762D62DFA}.Release|Any CPU.Build.0 = Release|Any CPU
	EndGlobalSection
	GlobalSection(SolutionProperties) = preSolution
		HideSolutionNode = FALSE
	EndGlobalSection
	GlobalSection(NestedProjects) = preSolution
		{AACC03F2-A364-45DF-9078-C5A0AAB793D6} = {2B18DB8E-E142-4626-A328-7F517320F00D}
		{BFA8FD4C-E0FF-4D62-81F3-330CD878B18B} = {2B18DB8E-E142-4626-A328-7F517320F00D}
		{9AEF43E9-7C33-41FC-8FB0-3B51F21A458F} = {2B18DB8E-E142-4626-A328-7F517320F00D}
		{C12F4C08-7DB6-4115-9247-00D1209C56AD} = {269E7369-5B8F-4288-92AA-A93ECE84C2B7}
		{31CDD36E-A15B-40DC-8972-8F9284DE4158} = {269E7369-5B8F-4288-92AA-A93ECE84C2B7}
		{8EA41C39-E364-4742-B0B6-CE48887DCB0F} = {269E7369-5B8F-4288-92AA-A93ECE84C2B7}
		{AE21A970-2670-40DB-9A61-EBBB35B9D569} = {14118273-C11C-4FAF-B814-AFBD3B4A9EC0}
		{3F0F595A-0816-44C2-9592-BFC78BF5E808} = {14118273-C11C-4FAF-B814-AFBD3B4A9EC0}
		{98D2B19F-408E-481F-AB4D-99BCDF5921F5} = {14118273-C11C-4FAF-B814-AFBD3B4A9EC0}
		{E200F8C4-EA26-4016-B067-8C86101D9E85} = {2216AECA-9C1B-4825-946A-2755E9EA5CA6}
		{64A17CDC-15AA-474A-9EC1-1DF0B1824E67} = {2216AECA-9C1B-4825-946A-2755E9EA5CA6}
		{3CE5D044-C31F-4A76-8C85-9A7762D62DFA} = {2216AECA-9C1B-4825-946A-2755E9EA5CA6}
	EndGlobalSection
	GlobalSection(ExtensibilityGlobals) = postSolution
		SolutionGuid = {ED3CCA08-C878-48B9-BE57-8A31AB3D1E22}
	EndGlobalSection
EndGlobal
